// !$*UTF8*$!
{
	archiveVersion = 1;
	classes = {
	};
	objectVersion = 50;
	objects = {

/* Begin PBXBuildFile section */
		53BF0C722436C98F0089AEC8 /* HistoriasViewController.swift in Sources */ = {isa = PBXBuildFile; fileRef = 53BF0C712436C98F0089AEC8 /* HistoriasViewController.swift */; };
		53CB459D2437FA8600B02614 /* ClasseNova.swift in Sources */ = {isa = PBXBuildFile; fileRef = 53CB459C2437FA8600B02614 /* ClasseNova.swift */; };
		53CB45DD2439952C00B02614 /* ClasseInformacoes.swift in Sources */ = {isa = PBXBuildFile; fileRef = 53CB45DC2439952C00B02614 /* ClasseInformacoes.swift */; };
		53CB45E5243BDFA000B02614 /* ExtraViewController.swift in Sources */ = {isa = PBXBuildFile; fileRef = 53CB45E4243BDFA000B02614 /* ExtraViewController.swift */; };
		53CB45E9243BF06E00B02614 /* DAO.swift in Sources */ = {isa = PBXBuildFile; fileRef = 53CB45E8243BF06E00B02614 /* DAO.swift */; };
		53CB45FD243D4E7300B02614 /* lista.pdf in Resources */ = {isa = PBXBuildFile; fileRef = 53CB45FC243D4E7300B02614 /* lista.pdf */; };
		53CB45FE243D4E7300B02614 /* lista.pdf in Resources */ = {isa = PBXBuildFile; fileRef = 53CB45FC243D4E7300B02614 /* lista.pdf */; };
		53CB45FF243D4E7300B02614 /* lista.pdf in Resources */ = {isa = PBXBuildFile; fileRef = 53CB45FC243D4E7300B02614 /* lista.pdf */; };
		53CB4601243E29D000B02614 /* cons.pdf in Resources */ = {isa = PBXBuildFile; fileRef = 53CB4600243E29CF00B02614 /* cons.pdf */; };
		53CB4602243E29D000B02614 /* cons.pdf in Resources */ = {isa = PBXBuildFile; fileRef = 53CB4600243E29CF00B02614 /* cons.pdf */; };
		53CB4603243E29D000B02614 /* cons.pdf in Resources */ = {isa = PBXBuildFile; fileRef = 53CB4600243E29CF00B02614 /* cons.pdf */; };
		53E961752433895400794AA6 /* AppDelegate.swift in Sources */ = {isa = PBXBuildFile; fileRef = 53E961742433895400794AA6 /* AppDelegate.swift */; };
		53E961772433895400794AA6 /* SceneDelegate.swift in Sources */ = {isa = PBXBuildFile; fileRef = 53E961762433895400794AA6 /* SceneDelegate.swift */; };
		53E961792433895400794AA6 /* ViewController.swift in Sources */ = {isa = PBXBuildFile; fileRef = 53E961782433895400794AA6 /* ViewController.swift */; };
		53E9617C2433895400794AA6 /* Main.storyboard in Resources */ = {isa = PBXBuildFile; fileRef = 53E9617A2433895400794AA6 /* Main.storyboard */; };
		53E9617E2433895700794AA6 /* Assets.xcassets in Resources */ = {isa = PBXBuildFile; fileRef = 53E9617D2433895700794AA6 /* Assets.xcassets */; };
		53E961812433895700794AA6 /* LaunchScreen.storyboard in Resources */ = {isa = PBXBuildFile; fileRef = 53E9617F2433895700794AA6 /* LaunchScreen.storyboard */; };
		53E9618C2433895700794AA6 /* PrototipoTests.swift in Sources */ = {isa = PBXBuildFile; fileRef = 53E9618B2433895700794AA6 /* PrototipoTests.swift */; };
		53E961972433895700794AA6 /* PrototipoUITests.swift in Sources */ = {isa = PBXBuildFile; fileRef = 53E961962433895700794AA6 /* PrototipoUITests.swift */; };
		53E961A52433911F00794AA6 /* CollectionViewCell.swift in Sources */ = {isa = PBXBuildFile; fileRef = 53E961A42433911F00794AA6 /* CollectionViewCell.swift */; };
		F10C67DA2437AECC0079F99C /* QAViewController.swift in Sources */ = {isa = PBXBuildFile; fileRef = F10C67D92437AECC0079F99C /* QAViewController.swift */; };
		F11653A0243BE6F20065A160 /* QARedirecionaViewController.swift in Sources */ = {isa = PBXBuildFile; fileRef = F116539F243BE6F20065A160 /* QARedirecionaViewController.swift */; };
		F12AAB192436A8FA00D3F326 /* TableViewCell.swift in Sources */ = {isa = PBXBuildFile; fileRef = F12AAB182436A8FA00D3F326 /* TableViewCell.swift */; };
		F12AAB1B2436B3B100D3F326 /* DisqueViewController.swift in Sources */ = {isa = PBXBuildFile; fileRef = F12AAB1A2436B3B100D3F326 /* DisqueViewController.swift */; };
		F12B924A243C0DC10087943C /* ClasseQA.swift in Sources */ = {isa = PBXBuildFile; fileRef = F12B9249243C0DC10087943C /* ClasseQA.swift */; };
		F15B049424398280002C54E6 /* InformacoesViewController.swift in Sources */ = {isa = PBXBuildFile; fileRef = F15B049324398280002C54E6 /* InformacoesViewController.swift */; };
		F15B049824398629002C54E6 /* InformacoesCollectionViewCell.swift in Sources */ = {isa = PBXBuildFile; fileRef = F15B049724398629002C54E6 /* InformacoesCollectionViewCell.swift */; };
		F1FBDB0F2434F2AA008C7843 /* AutoChangeScript.swift in Sources */ = {isa = PBXBuildFile; fileRef = F1FBDB0E2434F2AA008C7843 /* AutoChangeScript.swift */; };
/* End PBXBuildFile section */

/* Begin PBXContainerItemProxy section */
		53E961882433895700794AA6 /* PBXContainerItemProxy */ = {
			isa = PBXContainerItemProxy;
			containerPortal = 53E961692433895400794AA6 /* Project object */;
			proxyType = 1;
			remoteGlobalIDString = 53E961702433895400794AA6;
			remoteInfo = Prototipo;
		};
		53E961932433895700794AA6 /* PBXContainerItemProxy */ = {
			isa = PBXContainerItemProxy;
			containerPortal = 53E961692433895400794AA6 /* Project object */;
			proxyType = 1;
			remoteGlobalIDString = 53E961702433895400794AA6;
			remoteInfo = Prototipo;
		};
/* End PBXContainerItemProxy section */

/* Begin PBXFileReference section */
		53BF0C712436C98F0089AEC8 /* HistoriasViewController.swift */ = {isa = PBXFileReference; lastKnownFileType = sourcecode.swift; path = HistoriasViewController.swift; sourceTree = "<group>"; };
		53CB459C2437FA8600B02614 /* ClasseNova.swift */ = {isa = PBXFileReference; lastKnownFileType = sourcecode.swift; path = ClasseNova.swift; sourceTree = "<group>"; };
		53CB45DC2439952C00B02614 /* ClasseInformacoes.swift */ = {isa = PBXFileReference; lastKnownFileType = sourcecode.swift; path = ClasseInformacoes.swift; sourceTree = "<group>"; };
		53CB45E4243BDFA000B02614 /* ExtraViewController.swift */ = {isa = PBXFileReference; lastKnownFileType = sourcecode.swift; path = ExtraViewController.swift; sourceTree = "<group>"; };
		53CB45E8243BF06E00B02614 /* DAO.swift */ = {isa = PBXFileReference; lastKnownFileType = sourcecode.swift; path = DAO.swift; sourceTree = "<group>"; };
		53CB45FC243D4E7300B02614 /* lista.pdf */ = {isa = PBXFileReference; lastKnownFileType = image.pdf; path = lista.pdf; sourceTree = "<group>"; };
		53CB4600243E29CF00B02614 /* cons.pdf */ = {isa = PBXFileReference; lastKnownFileType = image.pdf; path = cons.pdf; sourceTree = "<group>"; };
		53E961712433895400794AA6 /* Prototipo.app */ = {isa = PBXFileReference; explicitFileType = wrapper.application; includeInIndex = 0; path = Prototipo.app; sourceTree = BUILT_PRODUCTS_DIR; };
		53E961742433895400794AA6 /* AppDelegate.swift */ = {isa = PBXFileReference; lastKnownFileType = sourcecode.swift; path = AppDelegate.swift; sourceTree = "<group>"; };
		53E961762433895400794AA6 /* SceneDelegate.swift */ = {isa = PBXFileReference; lastKnownFileType = sourcecode.swift; path = SceneDelegate.swift; sourceTree = "<group>"; };
		53E961782433895400794AA6 /* ViewController.swift */ = {isa = PBXFileReference; lastKnownFileType = sourcecode.swift; path = ViewController.swift; sourceTree = "<group>"; };
		53E9617B2433895400794AA6 /* Base */ = {isa = PBXFileReference; lastKnownFileType = file.storyboard; name = Base; path = Base.lproj/Main.storyboard; sourceTree = "<group>"; };
		53E9617D2433895700794AA6 /* Assets.xcassets */ = {isa = PBXFileReference; lastKnownFileType = folder.assetcatalog; path = Assets.xcassets; sourceTree = "<group>"; };
		53E961802433895700794AA6 /* Base */ = {isa = PBXFileReference; lastKnownFileType = file.storyboard; name = Base; path = Base.lproj/LaunchScreen.storyboard; sourceTree = "<group>"; };
		53E961822433895700794AA6 /* Info.plist */ = {isa = PBXFileReference; lastKnownFileType = text.plist.xml; path = Info.plist; sourceTree = "<group>"; };
		53E961872433895700794AA6 /* PrototipoTests.xctest */ = {isa = PBXFileReference; explicitFileType = wrapper.cfbundle; includeInIndex = 0; path = PrototipoTests.xctest; sourceTree = BUILT_PRODUCTS_DIR; };
		53E9618B2433895700794AA6 /* PrototipoTests.swift */ = {isa = PBXFileReference; lastKnownFileType = sourcecode.swift; path = PrototipoTests.swift; sourceTree = "<group>"; };
		53E9618D2433895700794AA6 /* Info.plist */ = {isa = PBXFileReference; lastKnownFileType = text.plist.xml; path = Info.plist; sourceTree = "<group>"; };
		53E961922433895700794AA6 /* PrototipoUITests.xctest */ = {isa = PBXFileReference; explicitFileType = wrapper.cfbundle; includeInIndex = 0; path = PrototipoUITests.xctest; sourceTree = BUILT_PRODUCTS_DIR; };
		53E961962433895700794AA6 /* PrototipoUITests.swift */ = {isa = PBXFileReference; lastKnownFileType = sourcecode.swift; path = PrototipoUITests.swift; sourceTree = "<group>"; };
		53E961982433895700794AA6 /* Info.plist */ = {isa = PBXFileReference; lastKnownFileType = text.plist.xml; path = Info.plist; sourceTree = "<group>"; };
		53E961A42433911F00794AA6 /* CollectionViewCell.swift */ = {isa = PBXFileReference; lastKnownFileType = sourcecode.swift; path = CollectionViewCell.swift; sourceTree = "<group>"; };
		F10C67D92437AECC0079F99C /* QAViewController.swift */ = {isa = PBXFileReference; lastKnownFileType = sourcecode.swift; path = QAViewController.swift; sourceTree = "<group>"; };
		F116539F243BE6F20065A160 /* QARedirecionaViewController.swift */ = {isa = PBXFileReference; lastKnownFileType = sourcecode.swift; path = QARedirecionaViewController.swift; sourceTree = "<group>"; };
		F12AAB182436A8FA00D3F326 /* TableViewCell.swift */ = {isa = PBXFileReference; lastKnownFileType = sourcecode.swift; path = TableViewCell.swift; sourceTree = "<group>"; };
		F12AAB1A2436B3B100D3F326 /* DisqueViewController.swift */ = {isa = PBXFileReference; lastKnownFileType = sourcecode.swift; path = DisqueViewController.swift; sourceTree = "<group>"; };
		F12B9249243C0DC10087943C /* ClasseQA.swift */ = {isa = PBXFileReference; lastKnownFileType = sourcecode.swift; path = ClasseQA.swift; sourceTree = "<group>"; };
		F15B049324398280002C54E6 /* InformacoesViewController.swift */ = {isa = PBXFileReference; lastKnownFileType = sourcecode.swift; path = InformacoesViewController.swift; sourceTree = "<group>"; };
		F15B049724398629002C54E6 /* InformacoesCollectionViewCell.swift */ = {isa = PBXFileReference; lastKnownFileType = sourcecode.swift; path = InformacoesCollectionViewCell.swift; sourceTree = "<group>"; };
		F1FBDB0E2434F2AA008C7843 /* AutoChangeScript.swift */ = {isa = PBXFileReference; lastKnownFileType = sourcecode.swift; path = AutoChangeScript.swift; sourceTree = "<group>"; };
/* End PBXFileReference section */

/* Begin PBXFrameworksBuildPhase section */
		53E9616E2433895400794AA6 /* Frameworks */ = {
			isa = PBXFrameworksBuildPhase;
			buildActionMask = 2147483647;
			files = (
			);
			runOnlyForDeploymentPostprocessing = 0;
		};
		53E961842433895700794AA6 /* Frameworks */ = {
			isa = PBXFrameworksBuildPhase;
			buildActionMask = 2147483647;
			files = (
			);
			runOnlyForDeploymentPostprocessing = 0;
		};
		53E9618F2433895700794AA6 /* Frameworks */ = {
			isa = PBXFrameworksBuildPhase;
			buildActionMask = 2147483647;
			files = (
			);
			runOnlyForDeploymentPostprocessing = 0;
		};
/* End PBXFrameworksBuildPhase section */

/* Begin PBXGroup section */
		53E961682433895400794AA6 = {
			isa = PBXGroup;
			children = (
				53E961732433895400794AA6 /* Prototipo */,
				53E9618A2433895700794AA6 /* PrototipoTests */,
				53E961952433895700794AA6 /* PrototipoUITests */,
				53E961722433895400794AA6 /* Products */,
			);
			sourceTree = "<group>";
		};
		53E961722433895400794AA6 /* Products */ = {
			isa = PBXGroup;
			children = (
				53E961712433895400794AA6 /* Prototipo.app */,
				53E961872433895700794AA6 /* PrototipoTests.xctest */,
				53E961922433895700794AA6 /* PrototipoUITests.xctest */,
			);
			name = Products;
			sourceTree = "<group>";
		};
		53E961732433895400794AA6 /* Prototipo */ = {
			isa = PBXGroup;
			children = (
				53CB45FC243D4E7300B02614 /* lista.pdf */,
				53CB4600243E29CF00B02614 /* cons.pdf */,
				53E961742433895400794AA6 /* AppDelegate.swift */,
				53E961762433895400794AA6 /* SceneDelegate.swift */,
				F1FBDB0E2434F2AA008C7843 /* AutoChangeScript.swift */,
				53E961782433895400794AA6 /* ViewController.swift */,
				53CB45E8243BF06E00B02614 /* DAO.swift */,
				53BF0C712436C98F0089AEC8 /* HistoriasViewController.swift */,
				F10C67D92437AECC0079F99C /* QAViewController.swift */,
				F12AAB1A2436B3B100D3F326 /* DisqueViewController.swift */,
				F116539F243BE6F20065A160 /* QARedirecionaViewController.swift */,
				F12AAB182436A8FA00D3F326 /* TableViewCell.swift */,
				F15B049324398280002C54E6 /* InformacoesViewController.swift */,
				53CB45E4243BDFA000B02614 /* ExtraViewController.swift */,
				53CB45DC2439952C00B02614 /* ClasseInformacoes.swift */,
				53E961A42433911F00794AA6 /* CollectionViewCell.swift */,
				F15B049724398629002C54E6 /* InformacoesCollectionViewCell.swift */,
				F10C67DE2437C05E0079F99C /* Storyboard */,
				53E9617D2433895700794AA6 /* Assets.xcassets */,
				53E961822433895700794AA6 /* Info.plist */,
				53CB459C2437FA8600B02614 /* ClasseNova.swift */,
				F12B9249243C0DC10087943C /* ClasseQA.swift */,
			);
			path = Prototipo;
			sourceTree = "<group>";
		};
		53E9618A2433895700794AA6 /* PrototipoTests */ = {
			isa = PBXGroup;
			children = (
				53E9618B2433895700794AA6 /* PrototipoTests.swift */,
				53E9618D2433895700794AA6 /* Info.plist */,
			);
			path = PrototipoTests;
			sourceTree = "<group>";
		};
		53E961952433895700794AA6 /* PrototipoUITests */ = {
			isa = PBXGroup;
			children = (
				53E961962433895700794AA6 /* PrototipoUITests.swift */,
				53E961982433895700794AA6 /* Info.plist */,
			);
			path = PrototipoUITests;
			sourceTree = "<group>";
		};
		F10C67DE2437C05E0079F99C /* Storyboard */ = {
			isa = PBXGroup;
			children = (
				53E9617A2433895400794AA6 /* Main.storyboard */,
				53E9617F2433895700794AA6 /* LaunchScreen.storyboard */,
			);
			path = Storyboard;
			sourceTree = "<group>";
		};
/* End PBXGroup section */

/* Begin PBXNativeTarget section */
		53E961702433895400794AA6 /* Prototipo */ = {
			isa = PBXNativeTarget;
			buildConfigurationList = 53E9619B2433895700794AA6 /* Build configuration list for PBXNativeTarget "Prototipo" */;
			buildPhases = (
				53E9616D2433895400794AA6 /* Sources */,
				53E9616E2433895400794AA6 /* Frameworks */,
				53E9616F2433895400794AA6 /* Resources */,
			);
			buildRules = (
			);
			dependencies = (
			);
			name = Prototipo;
			productName = Prototipo;
			productReference = 53E961712433895400794AA6 /* Prototipo.app */;
			productType = "com.apple.product-type.application";
		};
		53E961862433895700794AA6 /* PrototipoTests */ = {
			isa = PBXNativeTarget;
			buildConfigurationList = 53E9619E2433895700794AA6 /* Build configuration list for PBXNativeTarget "PrototipoTests" */;
			buildPhases = (
				53E961832433895700794AA6 /* Sources */,
				53E961842433895700794AA6 /* Frameworks */,
				53E961852433895700794AA6 /* Resources */,
			);
			buildRules = (
			);
			dependencies = (
				53E961892433895700794AA6 /* PBXTargetDependency */,
			);
			name = PrototipoTests;
			productName = PrototipoTests;
			productReference = 53E961872433895700794AA6 /* PrototipoTests.xctest */;
			productType = "com.apple.product-type.bundle.unit-test";
		};
		53E961912433895700794AA6 /* PrototipoUITests */ = {
			isa = PBXNativeTarget;
			buildConfigurationList = 53E961A12433895700794AA6 /* Build configuration list for PBXNativeTarget "PrototipoUITests" */;
			buildPhases = (
				53E9618E2433895700794AA6 /* Sources */,
				53E9618F2433895700794AA6 /* Frameworks */,
				53E961902433895700794AA6 /* Resources */,
			);
			buildRules = (
			);
			dependencies = (
				53E961942433895700794AA6 /* PBXTargetDependency */,
			);
			name = PrototipoUITests;
			productName = PrototipoUITests;
			productReference = 53E961922433895700794AA6 /* PrototipoUITests.xctest */;
			productType = "com.apple.product-type.bundle.ui-testing";
		};
/* End PBXNativeTarget section */

/* Begin PBXProject section */
		53E961692433895400794AA6 /* Project object */ = {
			isa = PBXProject;
			attributes = {
				LastSwiftUpdateCheck = 1130;
				LastUpgradeCheck = 1130;
				ORGANIZATIONNAME = "Ana Clara Filgueiras Granato";
				TargetAttributes = {
					53E961702433895400794AA6 = {
						CreatedOnToolsVersion = 11.3.1;
					};
					53E961862433895700794AA6 = {
						CreatedOnToolsVersion = 11.3.1;
						TestTargetID = 53E961702433895400794AA6;
					};
					53E961912433895700794AA6 = {
						CreatedOnToolsVersion = 11.3.1;
						TestTargetID = 53E961702433895400794AA6;
					};
				};
			};
			buildConfigurationList = 53E9616C2433895400794AA6 /* Build configuration list for PBXProject "Prototipo" */;
			compatibilityVersion = "Xcode 9.3";
			developmentRegion = en;
			hasScannedForEncodings = 0;
			knownRegions = (
				en,
				Base,
			);
			mainGroup = 53E961682433895400794AA6;
			productRefGroup = 53E961722433895400794AA6 /* Products */;
			projectDirPath = "";
			projectRoot = "";
			targets = (
				53E961702433895400794AA6 /* Prototipo */,
				53E961862433895700794AA6 /* PrototipoTests */,
				53E961912433895700794AA6 /* PrototipoUITests */,
			);
		};
/* End PBXProject section */

/* Begin PBXResourcesBuildPhase section */
		53E9616F2433895400794AA6 /* Resources */ = {
			isa = PBXResourcesBuildPhase;
			buildActionMask = 2147483647;
			files = (
				53E961812433895700794AA6 /* LaunchScreen.storyboard in Resources */,
				53E9617E2433895700794AA6 /* Assets.xcassets in Resources */,
				53CB45FD243D4E7300B02614 /* lista.pdf in Resources */,
				53E9617C2433895400794AA6 /* Main.storyboard in Resources */,
				53CB4601243E29D000B02614 /* cons.pdf in Resources */,
			);
			runOnlyForDeploymentPostprocessing = 0;
		};
		53E961852433895700794AA6 /* Resources */ = {
			isa = PBXResourcesBuildPhase;
			buildActionMask = 2147483647;
			files = (
				53CB45FE243D4E7300B02614 /* lista.pdf in Resources */,
				53CB4602243E29D000B02614 /* cons.pdf in Resources */,
			);
			runOnlyForDeploymentPostprocessing = 0;
		};
		53E961902433895700794AA6 /* Resources */ = {
			isa = PBXResourcesBuildPhase;
			buildActionMask = 2147483647;
			files = (
				53CB45FF243D4E7300B02614 /* lista.pdf in Resources */,
				53CB4603243E29D000B02614 /* cons.pdf in Resources */,
			);
			runOnlyForDeploymentPostprocessing = 0;
		};
/* End PBXResourcesBuildPhase section */

/* Begin PBXSourcesBuildPhase section */
		53E9616D2433895400794AA6 /* Sources */ = {
			isa = PBXSourcesBuildPhase;
			buildActionMask = 2147483647;
			files = (
				F15B049424398280002C54E6 /* InformacoesViewController.swift in Sources */,
				53E961792433895400794AA6 /* ViewController.swift in Sources */,
				53CB45DD2439952C00B02614 /* ClasseInformacoes.swift in Sources */,
				53E961752433895400794AA6 /* AppDelegate.swift in Sources */,
				F11653A0243BE6F20065A160 /* QARedirecionaViewController.swift in Sources */,
				53E961A52433911F00794AA6 /* CollectionViewCell.swift in Sources */,
				53CB45E9243BF06E00B02614 /* DAO.swift in Sources */,
				53E961772433895400794AA6 /* SceneDelegate.swift in Sources */,
				F10C67DA2437AECC0079F99C /* QAViewController.swift in Sources */,
				53CB45E5243BDFA000B02614 /* ExtraViewController.swift in Sources */,
				53BF0C722436C98F0089AEC8 /* HistoriasViewController.swift in Sources */,
				F12B924A243C0DC10087943C /* ClasseQA.swift in Sources */,
				F15B049824398629002C54E6 /* InformacoesCollectionViewCell.swift in Sources */,
				F12AAB192436A8FA00D3F326 /* TableViewCell.swift in Sources */,
				F1FBDB0F2434F2AA008C7843 /* AutoChangeScript.swift in Sources */,
				53CB459D2437FA8600B02614 /* ClasseNova.swift in Sources */,
				F12AAB1B2436B3B100D3F326 /* DisqueViewController.swift in Sources */,
			);
			runOnlyForDeploymentPostprocessing = 0;
		};
		53E961832433895700794AA6 /* Sources */ = {
			isa = PBXSourcesBuildPhase;
			buildActionMask = 2147483647;
			files = (
				53E9618C2433895700794AA6 /* PrototipoTests.swift in Sources */,
			);
			runOnlyForDeploymentPostprocessing = 0;
		};
		53E9618E2433895700794AA6 /* Sources */ = {
			isa = PBXSourcesBuildPhase;
			buildActionMask = 2147483647;
			files = (
				53E961972433895700794AA6 /* PrototipoUITests.swift in Sources */,
			);
			runOnlyForDeploymentPostprocessing = 0;
		};
/* End PBXSourcesBuildPhase section */

/* Begin PBXTargetDependency section */
		53E961892433895700794AA6 /* PBXTargetDependency */ = {
			isa = PBXTargetDependency;
			target = 53E961702433895400794AA6 /* Prototipo */;
			targetProxy = 53E961882433895700794AA6 /* PBXContainerItemProxy */;
		};
		53E961942433895700794AA6 /* PBXTargetDependency */ = {
			isa = PBXTargetDependency;
			target = 53E961702433895400794AA6 /* Prototipo */;
			targetProxy = 53E961932433895700794AA6 /* PBXContainerItemProxy */;
		};
/* End PBXTargetDependency section */

/* Begin PBXVariantGroup section */
		53E9617A2433895400794AA6 /* Main.storyboard */ = {
			isa = PBXVariantGroup;
			children = (
				53E9617B2433895400794AA6 /* Base */,
			);
			name = Main.storyboard;
			sourceTree = "<group>";
		};
		53E9617F2433895700794AA6 /* LaunchScreen.storyboard */ = {
			isa = PBXVariantGroup;
			children = (
				53E961802433895700794AA6 /* Base */,
			);
			name = LaunchScreen.storyboard;
			sourceTree = "<group>";
		};
/* End PBXVariantGroup section */

/* Begin XCBuildConfiguration section */
		53E961992433895700794AA6 /* Debug */ = {
			isa = XCBuildConfiguration;
			buildSettings = {
				ALWAYS_SEARCH_USER_PATHS = NO;
				CLANG_ANALYZER_NONNULL = YES;
				CLANG_ANALYZER_NUMBER_OBJECT_CONVERSION = YES_AGGRESSIVE;
				CLANG_CXX_LANGUAGE_STANDARD = "gnu++14";
				CLANG_CXX_LIBRARY = "libc++";
				CLANG_ENABLE_MODULES = YES;
				CLANG_ENABLE_OBJC_ARC = YES;
				CLANG_ENABLE_OBJC_WEAK = YES;
				CLANG_WARN_BLOCK_CAPTURE_AUTORELEASING = YES;
				CLANG_WARN_BOOL_CONVERSION = YES;
				CLANG_WARN_COMMA = YES;
				CLANG_WARN_CONSTANT_CONVERSION = YES;
				CLANG_WARN_DEPRECATED_OBJC_IMPLEMENTATIONS = YES;
				CLANG_WARN_DIRECT_OBJC_ISA_USAGE = YES_ERROR;
				CLANG_WARN_DOCUMENTATION_COMMENTS = YES;
				CLANG_WARN_EMPTY_BODY = YES;
				CLANG_WARN_ENUM_CONVERSION = YES;
				CLANG_WARN_INFINITE_RECURSION = YES;
				CLANG_WARN_INT_CONVERSION = YES;
				CLANG_WARN_NON_LITERAL_NULL_CONVERSION = YES;
				CLANG_WARN_OBJC_IMPLICIT_RETAIN_SELF = YES;
				CLANG_WARN_OBJC_LITERAL_CONVERSION = YES;
				CLANG_WARN_OBJC_ROOT_CLASS = YES_ERROR;
				CLANG_WARN_RANGE_LOOP_ANALYSIS = YES;
				CLANG_WARN_STRICT_PROTOTYPES = YES;
				CLANG_WARN_SUSPICIOUS_MOVE = YES;
				CLANG_WARN_UNGUARDED_AVAILABILITY = YES_AGGRESSIVE;
				CLANG_WARN_UNREACHABLE_CODE = YES;
				CLANG_WARN__DUPLICATE_METHOD_MATCH = YES;
				COPY_PHASE_STRIP = NO;
				DEBUG_INFORMATION_FORMAT = dwarf;
				ENABLE_STRICT_OBJC_MSGSEND = YES;
				ENABLE_TESTABILITY = YES;
				GCC_C_LANGUAGE_STANDARD = gnu11;
				GCC_DYNAMIC_NO_PIC = NO;
				GCC_NO_COMMON_BLOCKS = YES;
				GCC_OPTIMIZATION_LEVEL = 0;
				GCC_PREPROCESSOR_DEFINITIONS = (
					"DEBUG=1",
					"$(inherited)",
				);
				GCC_WARN_64_TO_32_BIT_CONVERSION = YES;
				GCC_WARN_ABOUT_RETURN_TYPE = YES_ERROR;
				GCC_WARN_UNDECLARED_SELECTOR = YES;
				GCC_WARN_UNINITIALIZED_AUTOS = YES_AGGRESSIVE;
				GCC_WARN_UNUSED_FUNCTION = YES;
				GCC_WARN_UNUSED_VARIABLE = YES;
				IPHONEOS_DEPLOYMENT_TARGET = 13.2;
				MTL_ENABLE_DEBUG_INFO = INCLUDE_SOURCE;
				MTL_FAST_MATH = YES;
				ONLY_ACTIVE_ARCH = YES;
				SDKROOT = iphoneos;
				SWIFT_ACTIVE_COMPILATION_CONDITIONS = DEBUG;
				SWIFT_OPTIMIZATION_LEVEL = "-Onone";
			};
			name = Debug;
		};
		53E9619A2433895700794AA6 /* Release */ = {
			isa = XCBuildConfiguration;
			buildSettings = {
				ALWAYS_SEARCH_USER_PATHS = NO;
				CLANG_ANALYZER_NONNULL = YES;
				CLANG_ANALYZER_NUMBER_OBJECT_CONVERSION = YES_AGGRESSIVE;
				CLANG_CXX_LANGUAGE_STANDARD = "gnu++14";
				CLANG_CXX_LIBRARY = "libc++";
				CLANG_ENABLE_MODULES = YES;
				CLANG_ENABLE_OBJC_ARC = YES;
				CLANG_ENABLE_OBJC_WEAK = YES;
				CLANG_WARN_BLOCK_CAPTURE_AUTORELEASING = YES;
				CLANG_WARN_BOOL_CONVERSION = YES;
				CLANG_WARN_COMMA = YES;
				CLANG_WARN_CONSTANT_CONVERSION = YES;
				CLANG_WARN_DEPRECATED_OBJC_IMPLEMENTATIONS = YES;
				CLANG_WARN_DIRECT_OBJC_ISA_USAGE = YES_ERROR;
				CLANG_WARN_DOCUMENTATION_COMMENTS = YES;
				CLANG_WARN_EMPTY_BODY = YES;
				CLANG_WARN_ENUM_CONVERSION = YES;
				CLANG_WARN_INFINITE_RECURSION = YES;
				CLANG_WARN_INT_CONVERSION = YES;
				CLANG_WARN_NON_LITERAL_NULL_CONVERSION = YES;
				CLANG_WARN_OBJC_IMPLICIT_RETAIN_SELF = YES;
				CLANG_WARN_OBJC_LITERAL_CONVERSION = YES;
				CLANG_WARN_OBJC_ROOT_CLASS = YES_ERROR;
				CLANG_WARN_RANGE_LOOP_ANALYSIS = YES;
				CLANG_WARN_STRICT_PROTOTYPES = YES;
				CLANG_WARN_SUSPICIOUS_MOVE = YES;
				CLANG_WARN_UNGUARDED_AVAILABILITY = YES_AGGRESSIVE;
				CLANG_WARN_UNREACHABLE_CODE = YES;
				CLANG_WARN__DUPLICATE_METHOD_MATCH = YES;
				COPY_PHASE_STRIP = NO;
				DEBUG_INFORMATION_FORMAT = "dwarf-with-dsym";
				ENABLE_NS_ASSERTIONS = NO;
				ENABLE_STRICT_OBJC_MSGSEND = YES;
				GCC_C_LANGUAGE_STANDARD = gnu11;
				GCC_NO_COMMON_BLOCKS = YES;
				GCC_WARN_64_TO_32_BIT_CONVERSION = YES;
				GCC_WARN_ABOUT_RETURN_TYPE = YES_ERROR;
				GCC_WARN_UNDECLARED_SELECTOR = YES;
				GCC_WARN_UNINITIALIZED_AUTOS = YES_AGGRESSIVE;
				GCC_WARN_UNUSED_FUNCTION = YES;
				GCC_WARN_UNUSED_VARIABLE = YES;
				IPHONEOS_DEPLOYMENT_TARGET = 13.2;
				MTL_ENABLE_DEBUG_INFO = NO;
				MTL_FAST_MATH = YES;
				SDKROOT = iphoneos;
				SWIFT_COMPILATION_MODE = wholemodule;
				SWIFT_OPTIMIZATION_LEVEL = "-O";
				VALIDATE_PRODUCT = YES;
			};
			name = Release;
		};
		53E9619C2433895700794AA6 /* Debug */ = {
			isa = XCBuildConfiguration;
			buildSettings = {
				ASSETCATALOG_COMPILER_APPICON_NAME = AppIcon;
				CODE_SIGN_STYLE = Automatic;
				DEVELOPMENT_TEAM = U6DL889KZ9;
				INFOPLIST_FILE = Prototipo/Info.plist;
				LD_RUNPATH_SEARCH_PATHS = (
					"$(inherited)",
					"@executable_path/Frameworks",
				);
				PRODUCT_BUNDLE_IDENTIFIER = puc.com.Prototipo;
				PRODUCT_NAME = "$(TARGET_NAME)";
				SWIFT_VERSION = 5.0;
				TARGETED_DEVICE_FAMILY = "1,2";
			};
			name = Debug;
		};
		53E9619D2433895700794AA6 /* Release */ = {
			isa = XCBuildConfiguration;
			buildSettings = {
				ASSETCATALOG_COMPILER_APPICON_NAME = AppIcon;
				CODE_SIGN_STYLE = Automatic;
				DEVELOPMENT_TEAM = U6DL889KZ9;
				INFOPLIST_FILE = Prototipo/Info.plist;
				LD_RUNPATH_SEARCH_PATHS = (
					"$(inherited)",
					"@executable_path/Frameworks",
				);
				PRODUCT_BUNDLE_IDENTIFIER = puc.com.Prototipo;
				PRODUCT_NAME = "$(TARGET_NAME)";
				SWIFT_VERSION = 5.0;
				TARGETED_DEVICE_FAMILY = "1,2";
			};
			name = Release;
		};
		53E9619F2433895700794AA6 /* Debug */ = {
			isa = XCBuildConfiguration;
			buildSettings = {
				ALWAYS_EMBED_SWIFT_STANDARD_LIBRARIES = YES;
				BUNDLE_LOADER = "$(TEST_HOST)";
				CODE_SIGN_STYLE = Automatic;
				DEVELOPMENT_TEAM = U6DL889KZ9;
				INFOPLIST_FILE = PrototipoTests/Info.plist;
				IPHONEOS_DEPLOYMENT_TARGET = 13.2;
				LD_RUNPATH_SEARCH_PATHS = (
					"$(inherited)",
					"@executable_path/Frameworks",
					"@loader_path/Frameworks",
				);
				PRODUCT_BUNDLE_IDENTIFIER = puc.com.PrototipoTests;
				PRODUCT_NAME = "$(TARGET_NAME)";
				SWIFT_VERSION = 5.0;
				TARGETED_DEVICE_FAMILY = "1,2";
				TEST_HOST = "$(BUILT_PRODUCTS_DIR)/Prototipo.app/Prototipo";
			};
			name = Debug;
		};
		53E961A02433895700794AA6 /* Release */ = {
			isa = XCBuildConfiguration;
			buildSettings = {
				ALWAYS_EMBED_SWIFT_STANDARD_LIBRARIES = YES;
				BUNDLE_LOADER = "$(TEST_HOST)";
				CODE_SIGN_STYLE = Automatic;
				DEVELOPMENT_TEAM = U6DL889KZ9;
				INFOPLIST_FILE = PrototipoTests/Info.plist;
				IPHONEOS_DEPLOYMENT_TARGET = 13.2;
				LD_RUNPATH_SEARCH_PATHS = (
					"$(inherited)",
					"@executable_path/Frameworks",
					"@loader_path/Frameworks",
				);
				PRODUCT_BUNDLE_IDENTIFIER = puc.com.PrototipoTests;
				PRODUCT_NAME = "$(TARGET_NAME)";
				SWIFT_VERSION = 5.0;
				TARGETED_DEVICE_FAMILY = "1,2";
				TEST_HOST = "$(BUILT_PRODUCTS_DIR)/Prototipo.app/Prototipo";
			};
			name = Release;
		};
		53E961A22433895700794AA6 /* Debug */ = {
			isa = XCBuildConfiguration;
			buildSettings = {
				ALWAYS_EMBED_SWIFT_STANDARD_LIBRARIES = YES;
				CODE_SIGN_STYLE = Automatic;
				DEVELOPMENT_TEAM = U6DL889KZ9;
				INFOPLIST_FILE = PrototipoUITests/Info.plist;
				LD_RUNPATH_SEARCH_PATHS = (
					"$(inherited)",
					"@executable_path/Frameworks",
					"@loader_path/Frameworks",
				);
				PRODUCT_BUNDLE_IDENTIFIER = puc.com.PrototipoUITests;
				PRODUCT_NAME = "$(TARGET_NAME)";
				SWIFT_VERSION = 5.0;
				TARGETED_DEVICE_FAMILY = "1,2";
				TEST_TARGET_NAME = Prototipo;
			};
			name = Debug;
		};
		53E961A32433895700794AA6 /* Release */ = {
			isa = XCBuildConfiguration;
			buildSettings = {
				ALWAYS_EMBED_SWIFT_STANDARD_LIBRARIES = YES;
				CODE_SIGN_STYLE = Automatic;
				DEVELOPMENT_TEAM = U6DL889KZ9;
				INFOPLIST_FILE = PrototipoUITests/Info.plist;
				LD_RUNPATH_SEARCH_PATHS = (
					"$(inherited)",
					"@executable_path/Frameworks",
					"@loader_path/Frameworks",
				);
				PRODUCT_BUNDLE_IDENTIFIER = puc.com.PrototipoUITests;
				PRODUCT_NAME = "$(TARGET_NAME)";
				SWIFT_VERSION = 5.0;
				TARGETED_DEVICE_FAMILY = "1,2";
				TEST_TARGET_NAME = Prototipo;
			};
			name = Release;
		};
/* End XCBuildConfiguration section */

/* Begin XCConfigurationList section */
		53E9616C2433895400794AA6 /* Build configuration list for PBXProject "Prototipo" */ = {
			isa = XCConfigurationList;
			buildConfigurations = (
				53E961992433895700794AA6 /* Debug */,
				53E9619A2433895700794AA6 /* Release */,
			);
			defaultConfigurationIsVisible = 0;
			defaultConfigurationName = Release;
		};
		53E9619B2433895700794AA6 /* Build configuration list for PBXNativeTarget "Prototipo" */ = {
			isa = XCConfigurationList;
			buildConfigurations = (
				53E9619C2433895700794AA6 /* Debug */,
				53E9619D2433895700794AA6 /* Release */,
			);
			defaultConfigurationIsVisible = 0;
			defaultConfigurationName = Release;
		};
		53E9619E2433895700794AA6 /* Build configuration list for PBXNativeTarget "PrototipoTests" */ = {
			isa = XCConfigurationList;
			buildConfigurations = (
				53E9619F2433895700794AA6 /* Debug */,
				53E961A02433895700794AA6 /* Release */,
			);
			defaultConfigurationIsVisible = 0;
			defaultConfigurationName = Release;
		};
		53E961A12433895700794AA6 /* Build configuration list for PBXNativeTarget "PrototipoUITests" */ = {
			isa = XCConfigurationList;
			buildConfigurations = (
				53E961A22433895700794AA6 /* Debug */,
				53E961A32433895700794AA6 /* Release */,
			);
			defaultConfigurationIsVisible = 0;
			defaultConfigurationName = Release;
		};
/* End XCConfigurationList section */
	};
	rootObject = 53E961692433895400794AA6 /* Project object */;
}
